// !$*UTF8*$!
{
	archiveVersion = 1;
	classes = {
	};
	objectVersion = 56;
	objects = {

/* Begin PBXBuildFile section */
		D3881A922966FCDF00A3CCCC /* SplashView.swift in Sources */ = {isa = PBXBuildFile; fileRef = D3881A912966FCDF00A3CCCC /* SplashView.swift */; };
		D3881A942967075200A3CCCC /* fitdance.mp4 in Resources */ = {isa = PBXBuildFile; fileRef = D3881A932967075200A3CCCC /* fitdance.mp4 */; };
		D3881A98296731CB00A3CCCC /* Player.swift in Sources */ = {isa = PBXBuildFile; fileRef = D3881A97296731CB00A3CCCC /* Player.swift */; };
		EC156DDF29527A3700DE3FD6 /* WhiteLabelApp.swift in Sources */ = {isa = PBXBuildFile; fileRef = EC156DDE29527A3700DE3FD6 /* WhiteLabelApp.swift */; };
		EC156DE129527A3700DE3FD6 /* ContentView.swift in Sources */ = {isa = PBXBuildFile; fileRef = EC156DE029527A3700DE3FD6 /* ContentView.swift */; };
		EC156DE329527A3900DE3FD6 /* Assets.xcassets in Resources */ = {isa = PBXBuildFile; fileRef = EC156DE229527A3900DE3FD6 /* Assets.xcassets */; };
		EC156DE629527A3900DE3FD6 /* Preview Assets.xcassets in Resources */ = {isa = PBXBuildFile; fileRef = EC156DE529527A3900DE3FD6 /* Preview Assets.xcassets */; };
/* End PBXBuildFile section */

/* Begin PBXFileReference section */
		D3881A912966FCDF00A3CCCC /* SplashView.swift */ = {isa = PBXFileReference; lastKnownFileType = sourcecode.swift; path = SplashView.swift; sourceTree = "<group>"; };
		D3881A932967075200A3CCCC /* fitdance.mp4 */ = {isa = PBXFileReference; lastKnownFileType = file; path = fitdance.mp4; sourceTree = "<group>"; };
		D3881A97296731CB00A3CCCC /* Player.swift */ = {isa = PBXFileReference; lastKnownFileType = sourcecode.swift; path = Player.swift; sourceTree = "<group>"; };
		EC156DDB29527A3700DE3FD6 /* WhiteLabel.app */ = {isa = PBXFileReference; explicitFileType = wrapper.application; includeInIndex = 0; path = WhiteLabel.app; sourceTree = BUILT_PRODUCTS_DIR; };
		EC156DDE29527A3700DE3FD6 /* WhiteLabelApp.swift */ = {isa = PBXFileReference; lastKnownFileType = sourcecode.swift; path = WhiteLabelApp.swift; sourceTree = "<group>"; };
		EC156DE029527A3700DE3FD6 /* ContentView.swift */ = {isa = PBXFileReference; lastKnownFileType = sourcecode.swift; path = ContentView.swift; sourceTree = "<group>"; };
		EC156DE229527A3900DE3FD6 /* Assets.xcassets */ = {isa = PBXFileReference; lastKnownFileType = folder.assetcatalog; path = Assets.xcassets; sourceTree = "<group>"; };
		EC156DE529527A3900DE3FD6 /* Preview Assets.xcassets */ = {isa = PBXFileReference; lastKnownFileType = folder.assetcatalog; path = "Preview Assets.xcassets"; sourceTree = "<group>"; };
/* End PBXFileReference section */

/* Begin PBXFrameworksBuildPhase section */
		EC156DD829527A3700DE3FD6 /* Frameworks */ = {
			isa = PBXFrameworksBuildPhase;
			buildActionMask = 2147483647;
			files = (
			);
			runOnlyForDeploymentPostprocessing = 0;
		};
/* End PBXFrameworksBuildPhase section */

/* Begin PBXGroup section */
		D3881A99296769A500A3CCCC /* App */ = {
			isa = PBXGroup;
			children = (
				EC156DDE29527A3700DE3FD6 /* WhiteLabelApp.swift */,
			);
			path = App;
			sourceTree = "<group>";
		};
		D3881A9A296769BA00A3CCCC /* SplashVideo */ = {
			isa = PBXGroup;
			children = (
				D3881A932967075200A3CCCC /* fitdance.mp4 */,
			);
			path = SplashVideo;
			sourceTree = "<group>";
		};
		D3D53B8029685F3300840173 /* Assets */ = {
			isa = PBXGroup;
			children = (
				D3881A9A296769BA00A3CCCC /* SplashVideo */,
				EC156DE229527A3900DE3FD6 /* Assets.xcassets */,
			);
			path = Assets;
			sourceTree = "<group>";
		};
		EC156DD229527A3700DE3FD6 = {
			isa = PBXGroup;
			children = (
				EC156DDD29527A3700DE3FD6 /* WhiteLabel */,
				EC156DDC29527A3700DE3FD6 /* Products */,
			);
			sourceTree = "<group>";
		};
		EC156DDC29527A3700DE3FD6 /* Products */ = {
			isa = PBXGroup;
			children = (
				EC156DDB29527A3700DE3FD6 /* WhiteLabel.app */,
			);
			name = Products;
			sourceTree = "<group>";
		};
		EC156DDD29527A3700DE3FD6 /* WhiteLabel */ = {
			isa = PBXGroup;
			children = (
				D3D53B8029685F3300840173 /* Assets */,
				D3881A99296769A500A3CCCC /* App */,
				D3881A97296731CB00A3CCCC /* Player.swift */,
				D3881A912966FCDF00A3CCCC /* SplashView.swift */,
				EC156DE029527A3700DE3FD6 /* ContentView.swift */,
				EC156DE429527A3900DE3FD6 /* Preview Content */,
			);
			path = WhiteLabel;
			sourceTree = "<group>";
		};
		EC156DE429527A3900DE3FD6 /* Preview Content */ = {
			isa = PBXGroup;
			children = (
				EC156DE529527A3900DE3FD6 /* Preview Assets.xcassets */,
			);
			path = "Preview Content";
			sourceTree = "<group>";
		};
/* End PBXGroup section */

/* Begin PBXNativeTarget section */
		EC156DDA29527A3700DE3FD6 /* WhiteLabel */ = {
			isa = PBXNativeTarget;
			buildConfigurationList = EC156DE929527A3900DE3FD6 /* Build configuration list for PBXNativeTarget "WhiteLabel" */;
			buildPhases = (
				EC156DD729527A3700DE3FD6 /* Sources */,
				EC156DD829527A3700DE3FD6 /* Frameworks */,
				EC156DD929527A3700DE3FD6 /* Resources */,
			);
			buildRules = (
			);
			dependencies = (
			);
			name = WhiteLabel;
			productName = WhiteLabel;
			productReference = EC156DDB29527A3700DE3FD6 /* WhiteLabel.app */;
			productType = "com.apple.product-type.application";
		};
/* End PBXNativeTarget section */

/* Begin PBXProject section */
		EC156DD329527A3700DE3FD6 /* Project object */ = {
			isa = PBXProject;
			attributes = {
				BuildIndependentTargetsInParallel = 1;
				LastSwiftUpdateCheck = 1400;
				LastUpgradeCheck = 1400;
				TargetAttributes = {
					EC156DDA29527A3700DE3FD6 = {
						CreatedOnToolsVersion = 14.0.1;
					};
				};
			};
			buildConfigurationList = EC156DD629527A3700DE3FD6 /* Build configuration list for PBXProject "WhiteLabel" */;
			compatibilityVersion = "Xcode 14.0";
			developmentRegion = en;
			hasScannedForEncodings = 0;
			knownRegions = (
				en,
				Base,
			);
			mainGroup = EC156DD229527A3700DE3FD6;
			productRefGroup = EC156DDC29527A3700DE3FD6 /* Products */;
			projectDirPath = "";
			projectRoot = "";
			targets = (
				EC156DDA29527A3700DE3FD6 /* WhiteLabel */,
			);
		};
/* End PBXProject section */

/* Begin PBXResourcesBuildPhase section */
		EC156DD929527A3700DE3FD6 /* Resources */ = {
			isa = PBXResourcesBuildPhase;
			buildActionMask = 2147483647;
			files = (
				EC156DE629527A3900DE3FD6 /* Preview Assets.xcassets in Resources */,
				D3881A942967075200A3CCCC /* fitdance.mp4 in Resources */,
				EC156DE329527A3900DE3FD6 /* Assets.xcassets in Resources */,
			);
			runOnlyForDeploymentPostprocessing = 0;
		};
/* End PBXResourcesBuildPhase section */

/* Begin PBXSourcesBuildPhase section */
		EC156DD729527A3700DE3FD6 /* Sources */ = {
			isa = PBXSourcesBuildPhase;
			buildActionMask = 2147483647;
			files = (
				EC156DE129527A3700DE3FD6 /* ContentView.swift in Sources */,
				EC156DDF29527A3700DE3FD6 /* WhiteLabelApp.swift in Sources */,
				D3881A98296731CB00A3CCCC /* Player.swift in Sources */,
				D3881A922966FCDF00A3CCCC /* SplashView.swift in Sources */,
			);
			runOnlyForDeploymentPostprocessing = 0;
		};
/* End PBXSourcesBuildPhase section */

/* Begin XCBuildConfiguration section */
		EC156DE729527A3900DE3FD6 /* Debug */ = {
			isa = XCBuildConfiguration;
			buildSettings = {
				ALWAYS_SEARCH_USER_PATHS = NO;
				CLANG_ANALYZER_NONNULL = YES;
				CLANG_ANALYZER_NUMBER_OBJECT_CONVERSION = YES_AGGRESSIVE;
				CLANG_CXX_LANGUAGE_STANDARD = "gnu++20";
				CLANG_ENABLE_MODULES = YES;
				CLANG_ENABLE_OBJC_ARC = YES;
				CLANG_ENABLE_OBJC_WEAK = YES;
				CLANG_WARN_BLOCK_CAPTURE_AUTORELEASING = YES;
				CLANG_WARN_BOOL_CONVERSION = YES;
				CLANG_WARN_COMMA = YES;
				CLANG_WARN_CONSTANT_CONVERSION = YES;
				CLANG_WARN_DEPRECATED_OBJC_IMPLEMENTATIONS = YES;
				CLANG_WARN_DIRECT_OBJC_ISA_USAGE = YES_ERROR;
				CLANG_WARN_DOCUMENTATION_COMMENTS = YES;
				CLANG_WARN_EMPTY_BODY = YES;
				CLANG_WARN_ENUM_CONVERSION = YES;
				CLANG_WARN_INFINITE_RECURSION = YES;
				CLANG_WARN_INT_CONVERSION = YES;
				CLANG_WARN_NON_LITERAL_NULL_CONVERSION = YES;
				CLANG_WARN_OBJC_IMPLICIT_RETAIN_SELF = YES;
				CLANG_WARN_OBJC_LITERAL_CONVERSION = YES;
				CLANG_WARN_OBJC_ROOT_CLASS = YES_ERROR;
				CLANG_WARN_QUOTED_INCLUDE_IN_FRAMEWORK_HEADER = YES;
				CLANG_WARN_RANGE_LOOP_ANALYSIS = YES;
				CLANG_WARN_STRICT_PROTOTYPES = YES;
				CLANG_WARN_SUSPICIOUS_MOVE = YES;
				CLANG_WARN_UNGUARDED_AVAILABILITY = YES_AGGRESSIVE;
				CLANG_WARN_UNREACHABLE_CODE = YES;
				CLANG_WARN__DUPLICATE_METHOD_MATCH = YES;
				COPY_PHASE_STRIP = NO;
				DEBUG_INFORMATION_FORMAT = dwarf;
				ENABLE_STRICT_OBJC_MSGSEND = YES;
				ENABLE_TESTABILITY = YES;
				GCC_C_LANGUAGE_STANDARD = gnu11;
				GCC_DYNAMIC_NO_PIC = NO;
				GCC_NO_COMMON_BLOCKS = YES;
				GCC_OPTIMIZATION_LEVEL = 0;
				GCC_PREPROCESSOR_DEFINITIONS = (
					"DEBUG=1",
					"$(inherited)",
				);
				GCC_WARN_64_TO_32_BIT_CONVERSION = YES;
				GCC_WARN_ABOUT_RETURN_TYPE = YES_ERROR;
				GCC_WARN_UNDECLARED_SELECTOR = YES;
				GCC_WARN_UNINITIALIZED_AUTOS = YES_AGGRESSIVE;
				GCC_WARN_UNUSED_FUNCTION = YES;
				GCC_WARN_UNUSED_VARIABLE = YES;
				IPHONEOS_DEPLOYMENT_TARGET = 16.0;
				MTL_ENABLE_DEBUG_INFO = INCLUDE_SOURCE;
				MTL_FAST_MATH = YES;
				ONLY_ACTIVE_ARCH = YES;
				SDKROOT = iphoneos;
				SWIFT_ACTIVE_COMPILATION_CONDITIONS = DEBUG;
				SWIFT_OPTIMIZATION_LEVEL = "-Onone";
			};
			name = Debug;
		};
		EC156DE829527A3900DE3FD6 /* Release */ = {
			isa = XCBuildConfiguration;
			buildSettings = {
				ALWAYS_SEARCH_USER_PATHS = NO;
				CLANG_ANALYZER_NONNULL = YES;
				CLANG_ANALYZER_NUMBER_OBJECT_CONVERSION = YES_AGGRESSIVE;
				CLANG_CXX_LANGUAGE_STANDARD = "gnu++20";
				CLANG_ENABLE_MODULES = YES;
				CLANG_ENABLE_OBJC_ARC = YES;
				CLANG_ENABLE_OBJC_WEAK = YES;
				CLANG_WARN_BLOCK_CAPTURE_AUTORELEASING = YES;
				CLANG_WARN_BOOL_CONVERSION = YES;
				CLANG_WARN_COMMA = YES;
				CLANG_WARN_CONSTANT_CONVERSION = YES;
				CLANG_WARN_DEPRECATED_OBJC_IMPLEMENTATIONS = YES;
				CLANG_WARN_DIRECT_OBJC_ISA_USAGE = YES_ERROR;
				CLANG_WARN_DOCUMENTATION_COMMENTS = YES;
				CLANG_WARN_EMPTY_BODY = YES;
				CLANG_WARN_ENUM_CONVERSION = YES;
				CLANG_WARN_INFINITE_RECURSION = YES;
				CLANG_WARN_INT_CONVERSION = YES;
				CLANG_WARN_NON_LITERAL_NULL_CONVERSION = YES;
				CLANG_WARN_OBJC_IMPLICIT_RETAIN_SELF = YES;
				CLANG_WARN_OBJC_LITERAL_CONVERSION = YES;
				CLANG_WARN_OBJC_ROOT_CLASS = YES_ERROR;
				CLANG_WARN_QUOTED_INCLUDE_IN_FRAMEWORK_HEADER = YES;
				CLANG_WARN_RANGE_LOOP_ANALYSIS = YES;
				CLANG_WARN_STRICT_PROTOTYPES = YES;
				CLANG_WARN_SUSPICIOUS_MOVE = YES;
				CLANG_WARN_UNGUARDED_AVAILABILITY = YES_AGGRESSIVE;
				CLANG_WARN_UNREACHABLE_CODE = YES;
				CLANG_WARN__DUPLICATE_METHOD_MATCH = YES;
				COPY_PHASE_STRIP = NO;
				DEBUG_INFORMATION_FORMAT = "dwarf-with-dsym";
				ENABLE_NS_ASSERTIONS = NO;
				ENABLE_STRICT_OBJC_MSGSEND = YES;
				GCC_C_LANGUAGE_STANDARD = gnu11;
				GCC_NO_COMMON_BLOCKS = YES;
				GCC_WARN_64_TO_32_BIT_CONVERSION = YES;
				GCC_WARN_ABOUT_RETURN_TYPE = YES_ERROR;
				GCC_WARN_UNDECLARED_SELECTOR = YES;
				GCC_WARN_UNINITIALIZED_AUTOS = YES_AGGRESSIVE;
				GCC_WARN_UNUSED_FUNCTION = YES;
				GCC_WARN_UNUSED_VARIABLE = YES;
				IPHONEOS_DEPLOYMENT_TARGET = 16.0;
				MTL_ENABLE_DEBUG_INFO = NO;
				MTL_FAST_MATH = YES;
				SDKROOT = iphoneos;
				SWIFT_COMPILATION_MODE = wholemodule;
				SWIFT_OPTIMIZATION_LEVEL = "-O";
				VALIDATE_PRODUCT = YES;
			};
			name = Release;
		};
		EC156DEA29527A3900DE3FD6 /* Debug */ = {
			isa = XCBuildConfiguration;
			buildSettings = {
				ASSETCATALOG_COMPILER_APPICON_NAME = AppIcon;
				ASSETCATALOG_COMPILER_GLOBAL_ACCENT_COLOR_NAME = AccentColor;
				CODE_SIGN_STYLE = Automatic;
				CURRENT_PROJECT_VERSION = 1;
				DEVELOPMENT_ASSET_PATHS = "\"WhiteLabel/Preview Content\"";
				DEVELOPMENT_TEAM = MW29Q4JJP6;
				ENABLE_PREVIEWS = YES;
				GENERATE_INFOPLIST_FILE = YES;
				INFOPLIST_KEY_UIApplicationSceneManifest_Generation = YES;
				INFOPLIST_KEY_UIApplicationSupportsIndirectInputEvents = YES;
				INFOPLIST_KEY_UILaunchScreen_Generation = YES;
				INFOPLIST_KEY_UISupportedInterfaceOrientations_iPad = "UIInterfaceOrientationPortrait UIInterfaceOrientationPortraitUpsideDown UIInterfaceOrientationLandscapeLeft UIInterfaceOrientationLandscapeRight";
				INFOPLIST_KEY_UISupportedInterfaceOrientations_iPhone = "UIInterfaceOrientationPortrait UIInterfaceOrientationLandscapeLeft UIInterfaceOrientationLandscapeRight";
				LD_RUNPATH_SEARCH_PATHS = (
					"$(inherited)",
					"@executable_path/Frameworks",
				);
				MARKETING_VERSION = 1.0;
				PRODUCT_BUNDLE_IDENTIFIER = com.onefan.WhiteLabel;
				PRODUCT_NAME = "$(TARGET_NAME)";
				SWIFT_EMIT_LOC_STRINGS = YES;
				SWIFT_VERSION = 5.0;
				TARGETED_DEVICE_FAMILY = "1,2";
			};
			name = Debug;
		};
		EC156DEB29527A3900DE3FD6 /* Release */ = {
			isa = XCBuildConfiguration;
			buildSettings = {
				ASSETCATALOG_COMPILER_APPICON_NAME = AppIcon;
				ASSETCATALOG_COMPILER_GLOBAL_ACCENT_COLOR_NAME = AccentColor;
				CODE_SIGN_STYLE = Automatic;
				CURRENT_PROJECT_VERSION = 1;
				DEVELOPMENT_ASSET_PATHS = "\"WhiteLabel/Preview Content\"";
				DEVELOPMENT_TEAM = MW29Q4JJP6;
				ENABLE_PREVIEWS = YES;
				GENERATE_INFOPLIST_FILE = YES;
				INFOPLIST_KEY_UIApplicationSceneManifest_Generation = YES;
				INFOPLIST_KEY_UIApplicationSupportsIndirectInputEvents = YES;
				INFOPLIST_KEY_UILaunchScreen_Generation = YES;
				INFOPLIST_KEY_UISupportedInterfaceOrientations_iPad = "UIInterfaceOrientationPortrait UIInterfaceOrientationPortraitUpsideDown UIInterfaceOrientationLandscapeLeft UIInterfaceOrientationLandscapeRight";
				INFOPLIST_KEY_UISupportedInterfaceOrientations_iPhone = "UIInterfaceOrientationPortrait UIInterfaceOrientationLandscapeLeft UIInterfaceOrientationLandscapeRight";
				LD_RUNPATH_SEARCH_PATHS = (
					"$(inherited)",
					"@executable_path/Frameworks",
				);
				MARKETING_VERSION = 1.0;
				PRODUCT_BUNDLE_IDENTIFIER = com.onefan.WhiteLabel;
				PRODUCT_NAME = "$(TARGET_NAME)";
				SWIFT_EMIT_LOC_STRINGS = YES;
				SWIFT_VERSION = 5.0;
				TARGETED_DEVICE_FAMILY = "1,2";
			};
			name = Release;
		};
/* End XCBuildConfiguration section */

/* Begin XCConfigurationList section */
		EC156DD629527A3700DE3FD6 /* Build configuration list for PBXProject "WhiteLabel" */ = {
			isa = XCConfigurationList;
			buildConfigurations = (
				EC156DE729527A3900DE3FD6 /* Debug */,
				EC156DE829527A3900DE3FD6 /* Release */,
			);
			defaultConfigurationIsVisible = 0;
			defaultConfigurationName = Release;
		};
		EC156DE929527A3900DE3FD6 /* Build configuration list for PBXNativeTarget "WhiteLabel" */ = {
			isa = XCConfigurationList;
			buildConfigurations = (
				EC156DEA29527A3900DE3FD6 /* Debug */,
				EC156DEB29527A3900DE3FD6 /* Release */,
			);
			defaultConfigurationIsVisible = 0;
			defaultConfigurationName = Release;
		};
/* End XCConfigurationList section */
	};
	rootObject = EC156DD329527A3700DE3FD6 /* Project object */;
}
